
Microsoft Visual Studio Solution File, Format Version 12.00
# Visual Studio Version 17
VisualStudioVersion = 17.4.33110.190
MinimumVisualStudioVersion = 10.0.40219.1
Project("{FAE04EC0-301F-11D3-BF4B-00C04F79EFBC}") = "bulettenRurg", "bulettenRurg.csproj", "{0C3FE523-C4F6-42CE-81DE-098CF4BA4221}"
EndProject
Global
	GlobalSection(SolutionConfigurationPlatforms) = preSolution
		Debug|Any CPU = Debug|Any CPU
		Release|Any CPU = Release|Any CPU
	EndGlobalSection
	GlobalSection(ProjectConfigurationPlatforms) = postSolution
		{0C3FE523-C4F6-42CE-81DE-098CF4BA4221}.Debug|Any CPU.ActiveCfg = Debug|Any CPU
		{0C3FE523-C4F6-42CE-81DE-098CF4BA4221}.Debug|Any CPU.Build.0 = Debug|Any CPU
		{0C3FE523-C4F6-42CE-81DE-098CF4BA4221}.Release|Any CPU.ActiveCfg = Release|Any CPU
		{0C3FE523-C4F6-42CE-81DE-098CF4BA4221}.Release|Any CPU.Build.0 = Release|Any CPU
	EndGlobalSection
	GlobalSection(SolutionProperties) = preSolution
		HideSolutionNode = FALSE
	EndGlobalSection
	GlobalSection(ExtensibilityGlobals) = postSolution
		SolutionGuid = {D8FFB772-8CFF-4A69-B508-DFB5A8397369}
	EndGlobalSection
EndGlobal
